{
  "name": "splat-viewer",
  "version": "0.1.0",
  "lockfileVersion": 3,
  "requires": true,
  "packages": {
    "": {
      "name": "splat-viewer",
      "version": "0.1.0",
      "license": "MIT",
      "dependencies": {
        "lil-gui": "0.21.0",
        "playcanvas": "2.23.0"
      }
    },
    "node_modules/@types/webxr": {
      "version": "0.5.24",
      "resolved": "https://registry.npmjs.org/@types/webxr/-/webxr-0.5.24.tgz",
      "integrity": "sha512-h8fgEd/DpoS9CBrjEQXR+dIDraopAEfu4wYVNY2tEPwk60stPWhvZMf4Foo5FakuQ7HFZoa8WceaWFervK2Ovg==",
      "license": "MIT"
    },
    "node_modules/@webgpu/types": {
      "version": "0.1.74",
      "resolved": "https://registry.npmjs.org/@webgpu/types/-/types-0.1.74.tgz",
      "integrity": "sha512-lgiI4hbuLcI9unnm2cL/tvCaQU45dp0xcLWJh5uB/9MBGvIA4F8XIk7nSiBeg+K4xWGYwgZKn80LmERI5CxoTA==",
      "license": "BSD-3-Clause"
    },
    "node_modules/lil-gui": {
      "version": "0.21.0",
      "resolved": "https://registry.npmjs.org/lil-gui/-/lil-gui-0.21.0.tgz",
      "integrity": "sha512-tpvxN7v1GvE/Tv+GRopfOp0W7fVEjF4PltkuX8vOCIfim22rD1ztvfkoEMcv9lzQeuNUSeIrUmUjBwmlW/oUew==",
      "license": "MIT"
    },
    "node_modules/playcanvas": {
      "version": "2.23.0",
      "resolved": "https://registry.npmjs.org/playcanvas/-/playcanvas-2.23.0.tgz",
      "integrity": "sha512-DNV4AUMqSDkm74P0CdGEi0NJkmDzKzKEtHNW753LPVF0Xd+2YQeNxAprEcPqEpXTo6/o8LXXqpgspYXWYlhDTg==",
      "license": "MIT",
      "dependencies": {
        "@types/webxr": "^0.5.24",
        "@webgpu/types": "^0.1.70"
      },
      "engines": {
        "node": ">=18.3.0"
      }
    }
  }
}
